<?xml version="1.0" encoding="utf-8"?>
<Project ToolsVersion="4.0" xmlns="http://schemas.microsoft.com/developer/msbuild/2003">
  <ItemGroup>
    <Filter Include="Source Files">
      <UniqueIdentifier>{4FC737F1-C7A5-4376-A066-2A32D752A2FF}</UniqueIdentifier>
      <Extensions>cpp;c;cc;cxx;c++;cppm;ixx;def;odl;idl;hpj;bat;asm;asmx</Extensions>
    </Filter>
    <Filter Include="Header Files">
      <UniqueIdentifier>{93995380-89BD-4b04-88EB-625FBE52EBFB}</UniqueIdentifier>
      <Extensions>h;hh;hpp;hxx;h++;hm;inl;inc;ipp;xsd</Extensions>
    </Filter>
    <Filter Include="Resource Files">
      <UniqueIdentifier>{67DA6AB6-F800-4c08-8B7A-83BB121AAD01}</UniqueIdentifier>
      <Extensions>rc;ico;cur;bmp;dlg;rc2;rct;bin;rgs;gif;jpg;jpeg;jpe;resx;tiff;tif;png;wav;mfcribbon-ms</Extensions>
    </Filter>
  </ItemGroup>
  <ItemGroup>
    <ClCompile Include="DllMain.cpp">
      <Filter>Source Files</Filter>
    </ClCompile>
    <ClCompile Include="Entry\Entry.cpp">
      <Filter>Source Files</Filter>
    </ClCompile>
    <ClCompile Include="Hooks\Hooks.cpp">
      <Filter>Source Files</Filter>
    </ClCompile>
    <ClCompile Include="Hooks\Definitions\ClientModeShared_CreateMove.cpp">
      <Filter>Source Files</Filter>
    </ClCompile>
    <ClCompile Include="SDK\Helpers\NetVarManager\NetVarManager.cpp">
      <Filter>Source Files</Filter>
    </ClCompile>
    <ClCompile Include="SDK\Helpers\DrawManager\DrawManager.cpp">
      <Filter>Source Files</Filter>
    </ClCompile>
    <ClCompile Include="Hooks\Definitions\IEngineVGui_Paint.cpp">
      <Filter>Source Files</Filter>
    </ClCompile>
    <ClCompile Include="Features\ESP\ESP.cpp">
      <Filter>Source Files</Filter>
    </ClCompile>
    <ClCompile Include="Features\Vars.cpp">
      <Filter>Source Files</Filter>
    </ClCompile>
    <ClCompile Include="Features\Misc\Misc.cpp">
      <Filter>Source Files</Filter>
    </ClCompile>
    <ClCompile Include="Hooks\Definitions\IBaseClientDLL_LevelShutdown.cpp">
      <Filter>Source Files</Filter>
    </ClCompile>
    <ClCompile Include="Hooks\Definitions\IBaseClientDLL_FrameStageNotify.cpp">
      <Filter>Source Files</Filter>
    </ClCompile>
    <ClCompile Include="Hooks\Definitions\IBaseClientDLL_LevelInitPostEntity.cpp">
      <Filter>Source Files</Filter>
    </ClCompile>
    <ClCompile Include="Hooks\Definitions\CL_CheckForPureServerWhitelist.cpp">
      <Filter>Source Files</Filter>
    </ClCompile>
    <ClCompile Include="Hooks\Definitions\CTFPlayer_AvoidPlayers.cpp">
      <Filter>Source Files</Filter>
    </ClCompile>
    <ClCompile Include="Hooks\Definitions\CPrediction_RunCommand.cpp">
      <Filter>Source Files</Filter>
    </ClCompile>
    <ClCompile Include="Features\EnginePrediction\EnginePrediction.cpp">
      <Filter>Source Files</Filter>
    </ClCompile>
    <ClCompile Include="Hooks\Definitions\ISurface_OnScreenSizeChanged.cpp">
      <Filter>Source Files</Filter>
    </ClCompile>
    <ClCompile Include="Hooks\Definitions\WINAPI_WndProc.cpp">
      <Filter>Source Files</Filter>
    </ClCompile>
    <ClCompile Include="SDK\Helpers\Input\Input.cpp">
      <Filter>Source Files</Filter>
    </ClCompile>
    <ClCompile Include="imgui\imgui.cpp">
      <Filter>Source Files</Filter>
    </ClCompile>
    <ClCompile Include="imgui\imgui_demo.cpp">
      <Filter>Source Files</Filter>
    </ClCompile>
    <ClCompile Include="imgui\imgui_draw.cpp">
      <Filter>Source Files</Filter>
    </ClCompile>
    <ClCompile Include="imgui\imgui_impl_dx9.cpp">
      <Filter>Source Files</Filter>
    </ClCompile>
    <ClCompile Include="imgui\imgui_impl_win32.cpp">
      <Filter>Source Files</Filter>
    </ClCompile>
    <ClCompile Include="imgui\imgui_widgets.cpp">
      <Filter>Source Files</Filter>
    </ClCompile>
    <ClCompile Include="menu\GUI\gui.cpp">
      <Filter>Source Files</Filter>
    </ClCompile>
    <ClCompile Include="menu\GlobalVars.cpp">
      <Filter>Source Files</Filter>
    </ClCompile>
    <ClCompile Include="Config.cpp">
      <Filter>Source Files</Filter>
    </ClCompile>
    <ClCompile Include="SDK\Includes\checksum_md5.cpp">
      <Filter>Source Files</Filter>
    </ClCompile>
    <ClCompile Include="Util\Hash\Hash.cpp">
      <Filter>Source Files</Filter>
    </ClCompile>
    <ClCompile Include="Util\Hook\MinHook\hde\hde32.c">
      <Filter>Source Files</Filter>
    </ClCompile>
    <ClCompile Include="Util\Hook\MinHook\hde\hde64.c">
      <Filter>Source Files</Filter>
    </ClCompile>
    <ClCompile Include="Util\Hook\MinHook\buffer.c">
      <Filter>Source Files</Filter>
    </ClCompile>
    <ClCompile Include="Util\Hook\MinHook\hook.c">
      <Filter>Source Files</Filter>
    </ClCompile>
    <ClCompile Include="Util\Hook\MinHook\trampoline.c">
      <Filter>Source Files</Filter>
    </ClCompile>
    <ClCompile Include="Util\Interface\Interface.cpp">
      <Filter>Source Files</Filter>
    </ClCompile>
    <ClCompile Include="Util\Math\Math.cpp">
      <Filter>Source Files</Filter>
    </ClCompile>
    <ClCompile Include="Util\Offsets\Offsets.cpp">
      <Filter>Source Files</Filter>
    </ClCompile>
    <ClCompile Include="Util\Pattern\Pattern.cpp">
      <Filter>Source Files</Filter>
    </ClCompile>
    <ClCompile Include="Util\VFunc\VFunc.cpp">
      <Filter>Source Files</Filter>
    </ClCompile>
    <ClCompile Include="Features\AutoAirblast\AutoAirblast.cpp">
      <Filter>Source Files</Filter>
    </ClCompile>
    <ClCompile Include="SDK\Helpers\EntityManager\EntityManager.cpp">
      <Filter>Source Files</Filter>
    </ClCompile>
    <ClCompile Include="SDK\Impl\TraceFilters\TraceFilters.cpp">
      <Filter>Source Files</Filter>
    </ClCompile>
    <ClCompile Include="Util\Signatures\Signatures.cpp">
      <Filter>Source Files</Filter>
    </ClCompile>
    <ClCompile Include="Util\Memory\Memory.cpp">
      <Filter>Source Files</Filter>
    </ClCompile>
  </ItemGroup>
  <ItemGroup>
    <ClInclude Include="Hooks\Hooks.h">
      <Filter>Header Files</Filter>
    </ClInclude>
    <ClInclude Include="Entry\Entry.h">
      <Filter>Header Files</Filter>
    </ClInclude>
    <ClInclude Include="SDK\SDK.h">
      <Filter>Header Files</Filter>
    </ClInclude>
    <ClInclude Include="SDK\Helpers\NetVarManager\NetVarManager.h">
      <Filter>Header Files</Filter>
    </ClInclude>
    <ClInclude Include="SDK\Helpers\DrawManager\DrawManager.h">
      <Filter>Header Files</Filter>
    </ClInclude>
    <ClInclude Include="Features\ESP\ESP.h">
      <Filter>Header Files</Filter>
    </ClInclude>
    <ClInclude Include="Features\Vars.h">
      <Filter>Header Files</Filter>
    </ClInclude>
    <ClInclude Include="Features\Misc\Misc.h">
      <Filter>Header Files</Filter>
    </ClInclude>
    <ClInclude Include="Features\EnginePrediction\EnginePrediction.h">
      <Filter>Header Files</Filter>
    </ClInclude>
    <ClInclude Include="SDK\Helpers\Input\Input.h">
      <Filter>Header Files</Filter>
    </ClInclude>
    <ClInclude Include="imgui\imconfig.h">
      <Filter>Header Files</Filter>
    </ClInclude>
    <ClInclude Include="imgui\imgui.h">
      <Filter>Header Files</Filter>
    </ClInclude>
    <ClInclude Include="imgui\imgui_impl_dx9.h">
      <Filter>Header Files</Filter>
    </ClInclude>
    <ClInclude Include="imgui\imgui_impl_win32.h">
      <Filter>Header Files</Filter>
    </ClInclude>
    <ClInclude Include="imgui\imgui_internal.h">
      <Filter>Header Files</Filter>
    </ClInclude>
    <ClInclude Include="imgui\imstb_rectpack.h">
      <Filter>Header Files</Filter>
    </ClInclude>
    <ClInclude Include="imgui\imstb_textedit.h">
      <Filter>Header Files</Filter>
    </ClInclude>
    <ClInclude Include="imgui\imstb_truetype.h">
      <Filter>Header Files</Filter>
    </ClInclude>
    <ClInclude Include="menu\GUI\gui.h">
      <Filter>Header Files</Filter>
    </ClInclude>
    <ClInclude Include="menu\Dropdown.h">
      <Filter>Header Files</Filter>
    </ClInclude>
    <ClInclude Include="menu\GlobalVars.h">
      <Filter>Header Files</Filter>
    </ClInclude>
    <ClInclude Include="menu\MenuBackground.h">
      <Filter>Header Files</Filter>
    </ClInclude>
    <ClInclude Include="menu\MenuControls.h">
      <Filter>Header Files</Filter>
    </ClInclude>
    <ClInclude Include="menu\MenuFonts.h">
      <Filter>Header Files</Filter>
    </ClInclude>
    <ClInclude Include="Config.h">
      <Filter>Header Files</Filter>
    </ClInclude>
    <ClInclude Include="SDK\Definitions\Interfaces\CClientModeShared.h">
      <Filter>Header Files</Filter>
    </ClInclude>
    <ClInclude Include="SDK\Definitions\Interfaces\CClientState.h">
      <Filter>Header Files</Filter>
    </ClInclude>
    <ClInclude Include="SDK\Definitions\Interfaces\CGlobalVarsBase.h">
      <Filter>Header Files</Filter>
    </ClInclude>
    <ClInclude Include="SDK\Definitions\Interfaces\CTFGameRules.h">
      <Filter>Header Files</Filter>
    </ClInclude>
    <ClInclude Include="SDK\Definitions\Interfaces\CTFPartyClient.h">
      <Filter>Header Files</Filter>
    </ClInclude>
    <ClInclude Include="SDK\Definitions\Interfaces\IClientEntityList.h">
      <Filter>Header Files</Filter>
    </ClInclude>
    <ClInclude Include="SDK\Definitions\Interfaces\ICVar.h">
      <Filter>Header Files</Filter>
    </ClInclude>
    <ClInclude Include="SDK\Definitions\Interfaces\IEngineTrace.h">
      <Filter>Header Files</Filter>
    </ClInclude>
    <ClInclude Include="SDK\Definitions\Interfaces\IEngineVGui.h">
      <Filter>Header Files</Filter>
    </ClInclude>
    <ClInclude Include="SDK\Definitions\Interfaces\IGameEvents.h">
      <Filter>Header Files</Filter>
    </ClInclude>
    <ClInclude Include="SDK\Definitions\Interfaces\IGameMovement.h">
      <Filter>Header Files</Filter>
    </ClInclude>
    <ClInclude Include="SDK\Definitions\Interfaces\IInput.h">
      <Filter>Header Files</Filter>
    </ClInclude>
    <ClInclude Include="SDK\Definitions\Interfaces\IInputSystem.h">
      <Filter>Header Files</Filter>
    </ClInclude>
    <ClInclude Include="SDK\Definitions\Interfaces\IMaterialSystem.h">
      <Filter>Header Files</Filter>
    </ClInclude>
    <ClInclude Include="SDK\Definitions\Interfaces\IMatSystemSurface.h">
      <Filter>Header Files</Filter>
    </ClInclude>
    <ClInclude Include="SDK\Definitions\Interfaces\IMoveHelper.h">
      <Filter>Header Files</Filter>
    </ClInclude>
    <ClInclude Include="SDK\Definitions\Interfaces\Interface.h">
      <Filter>Header Files</Filter>
    </ClInclude>
    <ClInclude Include="SDK\Definitions\Interfaces\IStudioRender.h">
      <Filter>Header Files</Filter>
    </ClInclude>
    <ClInclude Include="SDK\Definitions\Interfaces\IUniformRandomStream.h">
      <Filter>Header Files</Filter>
    </ClInclude>
    <ClInclude Include="SDK\Definitions\Interfaces\IVEngineClient.h">
      <Filter>Header Files</Filter>
    </ClInclude>
    <ClInclude Include="SDK\Definitions\Interfaces\IViewRender.h">
      <Filter>Header Files</Filter>
    </ClInclude>
    <ClInclude Include="SDK\Definitions\Interfaces\IVModelInfo.h">
      <Filter>Header Files</Filter>
    </ClInclude>
    <ClInclude Include="SDK\Definitions\Interfaces\IVModelRender.h">
      <Filter>Header Files</Filter>
    </ClInclude>
    <ClInclude Include="SDK\Definitions\Interfaces\IVRenderView.h">
      <Filter>Header Files</Filter>
    </ClInclude>
    <ClInclude Include="SDK\Definitions\Interfaces\Prediction.h">
      <Filter>Header Files</Filter>
    </ClInclude>
    <ClInclude Include="SDK\Definitions\Interfaces\SteamInterfaces.h">
      <Filter>Header Files</Filter>
    </ClInclude>
    <ClInclude Include="SDK\Definitions\Interfaces\VGuiPanel.h">
      <Filter>Header Files</Filter>
    </ClInclude>
    <ClInclude Include="SDK\Definitions\Interfaces\ViewRenderBeams.h">
      <Filter>Header Files</Filter>
    </ClInclude>
    <ClInclude Include="SDK\Definitions\Interfaces\VPhysics.h">
      <Filter>Header Files</Filter>
    </ClInclude>
    <ClInclude Include="SDK\Definitions\Main\CBaseAnimating.h">
      <Filter>Header Files</Filter>
    </ClInclude>
    <ClInclude Include="SDK\Definitions\Main\CBaseCombatCharacter.h">
      <Filter>Header Files</Filter>
    </ClInclude>
    <ClInclude Include="SDK\Definitions\Main\CBaseCombatWeapon.h">
      <Filter>Header Files</Filter>
    </ClInclude>
    <ClInclude Include="SDK\Definitions\Main\CBaseEntity.h">
      <Filter>Header Files</Filter>
    </ClInclude>
    <ClInclude Include="SDK\Definitions\Main\CBaseFlex.h">
      <Filter>Header Files</Filter>
    </ClInclude>
    <ClInclude Include="SDK\Definitions\Main\CBaseHandle.h">
      <Filter>Header Files</Filter>
    </ClInclude>
    <ClInclude Include="SDK\Definitions\Main\CBaseObject.h">
      <Filter>Header Files</Filter>
    </ClInclude>
    <ClInclude Include="SDK\Definitions\Main\CBasePlayer.h">
      <Filter>Header Files</Filter>
    </ClInclude>
    <ClInclude Include="SDK\Definitions\Main\CBaseProjectile.h">
      <Filter>Header Files</Filter>
    </ClInclude>
    <ClInclude Include="SDK\Definitions\Main\CBaseTrace.h">
      <Filter>Header Files</Filter>
    </ClInclude>
    <ClInclude Include="SDK\Definitions\Main\CCollisionProperty.h">
      <Filter>Header Files</Filter>
    </ClInclude>
    <ClInclude Include="SDK\Definitions\Main\CEconDefinition.h">
      <Filter>Header Files</Filter>
    </ClInclude>
    <ClInclude Include="SDK\Definitions\Main\CEntitySphereQuery.h">
      <Filter>Header Files</Filter>
    </ClInclude>
    <ClInclude Include="SDK\Definitions\Main\CGameTrace.h">
      <Filter>Header Files</Filter>
    </ClInclude>
    <ClInclude Include="SDK\Definitions\Main\CHalloweenPickup.h">
      <Filter>Header Files</Filter>
    </ClInclude>
    <ClInclude Include="SDK\Definitions\Main\CMultiPlayerAnimState.h">
      <Filter>Header Files</Filter>
    </ClInclude>
    <ClInclude Include="SDK\Definitions\Main\CTFPlayer.h">
      <Filter>Header Files</Filter>
    </ClInclude>
    <ClInclude Include="SDK\Definitions\Main\CTFPlayerResource.h">
      <Filter>Header Files</Filter>
    </ClInclude>
    <ClInclude Include="SDK\Definitions\Main\CTFWeaponBase.h">
      <Filter>Header Files</Filter>
    </ClInclude>
    <ClInclude Include="SDK\Definitions\Main\CUserCmd.h">
      <Filter>Header Files</Filter>
    </ClInclude>
    <ClInclude Include="SDK\Definitions\Main\IAchievementMgr.h">
      <Filter>Header Files</Filter>
    </ClInclude>
    <ClInclude Include="SDK\Definitions\Main\IClientEntity.h">
      <Filter>Header Files</Filter>
    </ClInclude>
    <ClInclude Include="SDK\Definitions\Main\IClientNetworkable.h">
      <Filter>Header Files</Filter>
    </ClInclude>
    <ClInclude Include="SDK\Definitions\Main\IClientRenderable.h">
      <Filter>Header Files</Filter>
    </ClInclude>
    <ClInclude Include="SDK\Definitions\Main\IClientThinkable.h">
      <Filter>Header Files</Filter>
    </ClInclude>
    <ClInclude Include="SDK\Definitions\Main\IClientUnknown.h">
      <Filter>Header Files</Filter>
    </ClInclude>
    <ClInclude Include="SDK\Definitions\Main\IHandleEntity.h">
      <Filter>Header Files</Filter>
    </ClInclude>
    <ClInclude Include="SDK\Definitions\Main\IMaterial.h">
      <Filter>Header Files</Filter>
    </ClInclude>
    <ClInclude Include="SDK\Definitions\Main\IMaterialVar.h">
      <Filter>Header Files</Filter>
    </ClInclude>
    <ClInclude Include="SDK\Definitions\Main\INetChannel.h">
      <Filter>Header Files</Filter>
    </ClInclude>
    <ClInclude Include="SDK\Definitions\Main\INetChannelInfo.h">
      <Filter>Header Files</Filter>
    </ClInclude>
    <ClInclude Include="SDK\Definitions\Main\INetMessage.h">
      <Filter>Header Files</Filter>
    </ClInclude>
    <ClInclude Include="SDK\Definitions\Main\INetworkMessage.h">
      <Filter>Header Files</Filter>
    </ClInclude>
    <ClInclude Include="SDK\Definitions\Main\INetworkSystem.h">
      <Filter>Header Files</Filter>
    </ClInclude>
    <ClInclude Include="SDK\Definitions\Main\ITexture.h">
      <Filter>Header Files</Filter>
    </ClInclude>
    <ClInclude Include="SDK\Definitions\Main\KeyValues.h">
      <Filter>Header Files</Filter>
    </ClInclude>
    <ClInclude Include="SDK\Definitions\Main\MD5.h">
      <Filter>Header Files</Filter>
    </ClInclude>
    <ClInclude Include="SDK\Definitions\Main\NetChannel.h">
      <Filter>Header Files</Filter>
    </ClInclude>
    <ClInclude Include="SDK\Definitions\Main\UtlVector.h">
      <Filter>Header Files</Filter>
    </ClInclude>
    <ClInclude Include="SDK\Definitions\Misc\Activity.h">
      <Filter>Header Files</Filter>
    </ClInclude>
    <ClInclude Include="SDK\Definitions\Misc\AnalogCode.h">
      <Filter>Header Files</Filter>
    </ClInclude>
    <ClInclude Include="SDK\Definitions\Misc\bitbuf.h">
      <Filter>Header Files</Filter>
    </ClInclude>
    <ClInclude Include="SDK\Definitions\Misc\BSPFlags.h">
      <Filter>Header Files</Filter>
    </ClInclude>
    <ClInclude Include="SDK\Definitions\Misc\ButtonCode.h">
      <Filter>Header Files</Filter>
    </ClInclude>
    <ClInclude Include="SDK\Definitions\Misc\CGameEventListener.h">
      <Filter>Header Files</Filter>
    </ClInclude>
    <ClInclude Include="SDK\Definitions\Misc\ChecksumCRC.h">
      <Filter>Header Files</Filter>
    </ClInclude>
    <ClInclude Include="SDK\Definitions\Misc\ClientClass.h">
      <Filter>Header Files</Filter>
    </ClInclude>
    <ClInclude Include="SDK\Definitions\Misc\CommonMacros.h">
      <Filter>Header Files</Filter>
    </ClInclude>
    <ClInclude Include="SDK\Definitions\Misc\ConVar.h">
      <Filter>Header Files</Filter>
    </ClInclude>
    <ClInclude Include="SDK\Definitions\Misc\CPlayerResource.h">
      <Filter>Header Files</Filter>
    </ClInclude>
    <ClInclude Include="SDK\Definitions\Misc\Cursor.h">
      <Filter>Header Files</Filter>
    </ClInclude>
    <ClInclude Include="SDK\Definitions\Misc\CViewSetup.h">
      <Filter>Header Files</Filter>
    </ClInclude>
    <ClInclude Include="SDK\Definitions\Misc\Datamap.h">
      <Filter>Header Files</Filter>
    </ClInclude>
    <ClInclude Include="SDK\Definitions\Misc\Deformations.h">
      <Filter>Header Files</Filter>
    </ClInclude>
    <ClInclude Include="SDK\Definitions\Misc\dt_common.h">
      <Filter>Header Files</Filter>
    </ClInclude>
    <ClInclude Include="SDK\Definitions\Misc\dt_recv.h">
      <Filter>Header Files</Filter>
    </ClInclude>
    <ClInclude Include="SDK\Definitions\Misc\IAppSystem.h">
      <Filter>Header Files</Filter>
    </ClInclude>
    <ClInclude Include="SDK\Definitions\Misc\IClientMode.h">
      <Filter>Header Files</Filter>
    </ClInclude>
    <ClInclude Include="SDK\Definitions\Misc\IColorCorrectionSystem.h">
      <Filter>Header Files</Filter>
    </ClInclude>
    <ClInclude Include="SDK\Definitions\Misc\IConVar.h">
      <Filter>Header Files</Filter>
    </ClInclude>
    <ClInclude Include="SDK\Definitions\Misc\IGameResources.h">
      <Filter>Header Files</Filter>
    </ClInclude>
    <ClInclude Include="SDK\Definitions\Misc\IHTML.h">
      <Filter>Header Files</Filter>
    </ClInclude>
    <ClInclude Include="SDK\Definitions\Misc\IImage.h">
      <Filter>Header Files</Filter>
    </ClInclude>
    <ClInclude Include="SDK\Definitions\Misc\ImageFormat.h">
      <Filter>Header Files</Filter>
    </ClInclude>
    <ClInclude Include="SDK\Definitions\Misc\IMaterialSystemHardwareConfig.h">
      <Filter>Header Files</Filter>
    </ClInclude>
    <ClInclude Include="SDK\Definitions\Misc\IMDLCache.h">
      <Filter>Header Files</Filter>
    </ClInclude>
    <ClInclude Include="SDK\Definitions\Misc\InputEnums.h">
      <Filter>Header Files</Filter>
    </ClInclude>
    <ClInclude Include="SDK\Definitions\Misc\IPrediction.h">
      <Filter>Header Files</Filter>
    </ClInclude>
    <ClInclude Include="SDK\Definitions\Misc\IRefCounted.h">
      <Filter>Header Files</Filter>
    </ClInclude>
    <ClInclude Include="SDK\Definitions\Misc\ISpatialPartition.h">
      <Filter>Header Files</Filter>
    </ClInclude>
    <ClInclude Include="SDK\Definitions\Misc\ISurface.h">
      <Filter>Header Files</Filter>
    </ClInclude>
    <ClInclude Include="SDK\Definitions\Misc\IVguiMatInfo.h">
      <Filter>Header Files</Filter>
    </ClInclude>
    <ClInclude Include="SDK\Definitions\Misc\IVguiMatInfoVar.h">
      <Filter>Header Files</Filter>
    </ClInclude>
    <ClInclude Include="SDK\Definitions\Misc\KeyCode.h">
      <Filter>Header Files</Filter>
    </ClInclude>
    <ClInclude Include="SDK\Definitions\Misc\LightDesc.h">
      <Filter>Header Files</Filter>
    </ClInclude>
    <ClInclude Include="SDK\Definitions\Misc\LocalFlexController.h">
      <Filter>Header Files</Filter>
    </ClInclude>
    <ClInclude Include="SDK\Definitions\Misc\Modes.h">
      <Filter>Header Files</Filter>
    </ClInclude>
    <ClInclude Include="SDK\Definitions\Misc\MouseCode.h">
      <Filter>Header Files</Filter>
    </ClInclude>
    <ClInclude Include="SDK\Definitions\Misc\NetAdr.h">
      <Filter>Header Files</Filter>
    </ClInclude>
    <ClInclude Include="SDK\Definitions\Misc\String.h">
      <Filter>Header Files</Filter>
    </ClInclude>
    <ClInclude Include="SDK\Definitions\Misc\Studio.h">
      <Filter>Header Files</Filter>
    </ClInclude>
    <ClInclude Include="SDK\Definitions\Misc\TextureGroupNames.h">
      <Filter>Header Files</Filter>
    </ClInclude>
    <ClInclude Include="SDK\Definitions\Misc\VCollide.h">
      <Filter>Header Files</Filter>
    </ClInclude>
    <ClInclude Include="SDK\Definitions\Misc\VGUI.h">
      <Filter>Header Files</Filter>
    </ClInclude>
    <ClInclude Include="SDK\Definitions\Misc\VPlane.h">
      <Filter>Header Files</Filter>
    </ClInclude>
    <ClInclude Include="SDK\Definitions\Misc\VTF.h">
      <Filter>Header Files</Filter>
    </ClInclude>
    <ClInclude Include="SDK\Definitions\Steam\ISteamAppList.h">
      <Filter>Header Files</Filter>
    </ClInclude>
    <ClInclude Include="SDK\Definitions\Steam\ISteamApps.h">
      <Filter>Header Files</Filter>
    </ClInclude>
    <ClInclude Include="SDK\Definitions\Steam\ISteamAppTicket.h">
      <Filter>Header Files</Filter>
    </ClInclude>
    <ClInclude Include="SDK\Definitions\Steam\ISteamClient.h">
      <Filter>Header Files</Filter>
    </ClInclude>
    <ClInclude Include="SDK\Definitions\Steam\ISteamController.h">
      <Filter>Header Files</Filter>
    </ClInclude>
    <ClInclude Include="SDK\Definitions\Steam\ISteamDualSense.h">
      <Filter>Header Files</Filter>
    </ClInclude>
    <ClInclude Include="SDK\Definitions\Steam\ISteamFriends.h">
      <Filter>Header Files</Filter>
    </ClInclude>
    <ClInclude Include="SDK\Definitions\Steam\ISteamGameCoordinator.h">
      <Filter>Header Files</Filter>
    </ClInclude>
    <ClInclude Include="SDK\Definitions\Steam\ISteamGameServer.h">
      <Filter>Header Files</Filter>
    </ClInclude>
    <ClInclude Include="SDK\Definitions\Steam\ISteamGameServerStats.h">
      <Filter>Header Files</Filter>
    </ClInclude>
    <ClInclude Include="SDK\Definitions\Steam\ISteamHTMLSurface.h">
      <Filter>Header Files</Filter>
    </ClInclude>
    <ClInclude Include="SDK\Definitions\Steam\ISteamHTTP.h">
      <Filter>Header Files</Filter>
    </ClInclude>
    <ClInclude Include="SDK\Definitions\Steam\ISteamInput.h">
      <Filter>Header Files</Filter>
    </ClInclude>
    <ClInclude Include="SDK\Definitions\Steam\ISteamInventory.h">
      <Filter>Header Files</Filter>
    </ClInclude>
    <ClInclude Include="SDK\Definitions\Steam\ISteamMatchmaking.h">
      <Filter>Header Files</Filter>
    </ClInclude>
    <ClInclude Include="SDK\Definitions\Steam\ISteamMusic.h">
      <Filter>Header Files</Filter>
    </ClInclude>
    <ClInclude Include="SDK\Definitions\Steam\ISteamMusicRemote.h">
      <Filter>Header Files</Filter>
    </ClInclude>
    <ClInclude Include="SDK\Definitions\Steam\ISteamNetworking.h">
      <Filter>Header Files</Filter>
    </ClInclude>
    <ClInclude Include="SDK\Definitions\Steam\ISteamNetworkingMessages.h">
      <Filter>Header Files</Filter>
    </ClInclude>
    <ClInclude Include="SDK\Definitions\Steam\ISteamNetworkingSockets.h">
      <Filter>Header Files</Filter>
    </ClInclude>
    <ClInclude Include="SDK\Definitions\Steam\ISteamNetworkingUtils.h">
      <Filter>Header Files</Filter>
    </ClInclude>
    <ClInclude Include="SDK\Definitions\Steam\ISteamParentalSettings.h">
      <Filter>Header Files</Filter>
    </ClInclude>
    <ClInclude Include="SDK\Definitions\Steam\ISteamPS3OverlayRenderer.h">
      <Filter>Header Files</Filter>
    </ClInclude>
    <ClInclude Include="SDK\Definitions\Steam\ISteamRemotePlay.h">
      <Filter>Header Files</Filter>
    </ClInclude>
    <ClInclude Include="SDK\Definitions\Steam\ISteamRemoteStorage.h">
      <Filter>Header Files</Filter>
    </ClInclude>
    <ClInclude Include="SDK\Definitions\Steam\ISteamScreenshots.h">
      <Filter>Header Files</Filter>
    </ClInclude>
    <ClInclude Include="SDK\Definitions\Steam\ISteamUGC.h">
      <Filter>Header Files</Filter>
    </ClInclude>
    <ClInclude Include="SDK\Definitions\Steam\ISteamUser.h">
      <Filter>Header Files</Filter>
    </ClInclude>
    <ClInclude Include="SDK\Definitions\Steam\ISteamUserStats.h">
      <Filter>Header Files</Filter>
    </ClInclude>
    <ClInclude Include="SDK\Definitions\Steam\ISteamUtils.h">
      <Filter>Header Files</Filter>
    </ClInclude>
    <ClInclude Include="SDK\Definitions\Steam\ISteamVideo.h">
      <Filter>Header Files</Filter>
    </ClInclude>
    <ClInclude Include="SDK\Definitions\Steam\MatchmakingTypes.h">
      <Filter>Header Files</Filter>
    </ClInclude>
    <ClInclude Include="SDK\Definitions\Steam\Steam_API.h">
      <Filter>Header Files</Filter>
    </ClInclude>
    <ClInclude Include="SDK\Definitions\Steam\Steam_API_Common.h">
      <Filter>Header Files</Filter>
    </ClInclude>
    <ClInclude Include="SDK\Definitions\Steam\Steam_API_Flat.h">
      <Filter>Header Files</Filter>
    </ClInclude>
    <ClInclude Include="SDK\Definitions\Steam\Steam_API_Internal.h">
      <Filter>Header Files</Filter>
    </ClInclude>
    <ClInclude Include="SDK\Definitions\Steam\Steam_Gameserver.h">
      <Filter>Header Files</Filter>
    </ClInclude>
    <ClInclude Include="SDK\Definitions\Steam\SteamClientPublic.h">
      <Filter>Header Files</Filter>
    </ClInclude>
    <ClInclude Include="SDK\Definitions\Steam\SteamEncryptedAppTicket.h">
      <Filter>Header Files</Filter>
    </ClInclude>
    <ClInclude Include="SDK\Definitions\Steam\SteamHTTPEnums.h">
      <Filter>Header Files</Filter>
    </ClInclude>
    <ClInclude Include="SDK\Definitions\Steam\SteamNetworkingFakeIP.h">
      <Filter>Header Files</Filter>
    </ClInclude>
    <ClInclude Include="SDK\Definitions\Steam\SteamNetworkingTypes.h">
      <Filter>Header Files</Filter>
    </ClInclude>
    <ClInclude Include="SDK\Definitions\Steam\SteamPS3Params.h">
      <Filter>Header Files</Filter>
    </ClInclude>
    <ClInclude Include="SDK\Definitions\Steam\SteamTypes.h">
      <Filter>Header Files</Filter>
    </ClInclude>
    <ClInclude Include="SDK\Definitions\Steam\SteamUniverse.h">
      <Filter>Header Files</Filter>
    </ClInclude>
    <ClInclude Include="SDK\Definitions\Classes.h">
      <Filter>Header Files</Filter>
    </ClInclude>
    <ClInclude Include="SDK\Definitions\Definitions.h">
      <Filter>Header Files</Filter>
    </ClInclude>
    <ClInclude Include="SDK\Definitions\Interfaces.h">
      <Filter>Header Files</Filter>
    </ClInclude>
    <ClInclude Include="SDK\Definitions\Types.h">
      <Filter>Header Files</Filter>
    </ClInclude>
    <ClInclude Include="SDK\Helpers\Color\Color.h">
      <Filter>Header Files</Filter>
    </ClInclude>
    <ClInclude Include="SDK\Helpers\Draw\Draw.h">
      <Filter>Header Files</Filter>
    </ClInclude>
    <ClInclude Include="SDK\Helpers\Draw\Icons.h">
      <Filter>Header Files</Filter>
    </ClInclude>
    <ClInclude Include="SDK\Helpers\Entities\Entities.h">
      <Filter>Header Files</Filter>
    </ClInclude>
    <ClInclude Include="SDK\Helpers\Fonts\Fonts.h">
      <Filter>Header Files</Filter>
    </ClInclude>
    <ClInclude Include="SDK\Helpers\Particles\Particles.h">
      <Filter>Header Files</Filter>
    </ClInclude>
    <ClInclude Include="SDK\Helpers\TraceFilters\TraceFilters.h">
      <Filter>Header Files</Filter>
    </ClInclude>
    <ClInclude Include="SDK\Globals.h">
      <Filter>Header Files</Filter>
    </ClInclude>
    <ClInclude Include="SDK\Vars.h">
      <Filter>Header Files</Filter>
    </ClInclude>
    <ClInclude Include="Utils\Assert\Assert.h">
      <Filter>Header Files</Filter>
    </ClInclude>
    <ClInclude Include="Utils\ConVars\ConVars.h">
      <Filter>Header Files</Filter>
    </ClInclude>
    <ClInclude Include="Utils\Feature\Feature.h">
      <Filter>Header Files</Filter>
    </ClInclude>
    <ClInclude Include="Utils\Hash\FNV1A.h">
      <Filter>Header Files</Filter>
    </ClInclude>
    <ClInclude Include="Utils\Hooks\Hooks.h">
      <Filter>Header Files</Filter>
    </ClInclude>
    <ClInclude Include="Utils\Interfaces\Interfaces.h">
      <Filter>Header Files</Filter>
    </ClInclude>
    <ClInclude Include="Utils\KeyHandler\KeyHandler.h">
      <Filter>Header Files</Filter>
    </ClInclude>
    <ClInclude Include="Utils\Math\Math.h">
      <Filter>Header Files</Filter>
    </ClInclude>
    <ClInclude Include="Utils\Minidump\Minidump.h">
      <Filter>Header Files</Filter>
    </ClInclude>
    <ClInclude Include="Utils\NetVars\NetVars.h">
      <Filter>Header Files</Filter>
    </ClInclude>
    <ClInclude Include="Utils\Signatures\Signatures.h">
      <Filter>Header Files</Filter>
    </ClInclude>
    <ClInclude Include="Utils\Timer\Timer.h">
      <Filter>Header Files</Filter>
    </ClInclude>
    <ClInclude Include="Core\Core.h">
      <Filter>Header Files</Filter>
    </ClInclude>
    <ClInclude Include="SDK\Entities\C_BaseAnimating.h">
      <Filter>Header Files</Filter>
    </ClInclude>
    <ClInclude Include="SDK\Entities\C_BaseAnimatingOverlay.h">
      <Filter>Header Files</Filter>
    </ClInclude>
    <ClInclude Include="SDK\Entities\C_BaseCombatCharacter.h">
      <Filter>Header Files</Filter>
    </ClInclude>
    <ClInclude Include="SDK\Entities\C_BaseCombatWeapon.h">
      <Filter>Header Files</Filter>
    </ClInclude>
    <ClInclude Include="SDK\Entities\C_BaseEntity.h">
      <Filter>Header Files</Filter>
    </ClInclude>
    <ClInclude Include="SDK\Entities\C_BaseFlex.h">
      <Filter>Header Files</Filter>
    </ClInclude>
    <ClInclude Include="SDK\Entities\C_BasePlayer.h">
      <Filter>Header Files</Filter>
    </ClInclude>
    <ClInclude Include="SDK\Entities\C_EconEntity.h">
      <Filter>Header Files</Filter>
    </ClInclude>
    <ClInclude Include="SDK\Entities\C_TFPlayer.h">
      <Filter>Header Files</Filter>
    </ClInclude>
    <ClInclude Include="SDK\Entities\C_TFWeaponBase.h">
      <Filter>Header Files</Filter>
    </ClInclude>
    <ClInclude Include="SDK\Entities\IClientEntity.h">
      <Filter>Header Files</Filter>
    </ClInclude>
    <ClInclude Include="SDK\Entities\IClientNetworkable.h">
      <Filter>Header Files</Filter>
    </ClInclude>
    <ClInclude Include="SDK\Entities\IClientRenderable.h">
      <Filter>Header Files</Filter>
    </ClInclude>
    <ClInclude Include="SDK\Entities\IClientThinkable.h">
      <Filter>Header Files</Filter>
    </ClInclude>
    <ClInclude Include="SDK\Entities\IClientUnknown.h">
      <Filter>Header Files</Filter>
    </ClInclude>
    <ClInclude Include="SDK\Globals\Globals.h">
      <Filter>Header Files</Filter>
    </ClInclude>
    <ClInclude Include="SDK\Includes\basehandle.h">
      <Filter>Header Files</Filter>
    </ClInclude>
    <ClInclude Include="SDK\Includes\checksum_md5.h">
      <Filter>Header Files</Filter>
    </ClInclude>
    <ClInclude Include="SDK\Includes\client_class.h">
      <Filter>Header Files</Filter>
    </ClInclude>
    <ClInclude Include="SDK\Includes\color.h">
      <Filter>Header Files</Filter>
    </ClInclude>
    <ClInclude Include="SDK\Includes\const.h">
      <Filter>Header Files</Filter>
    </ClInclude>
    <ClInclude Include="SDK\Includes\dt_common.h">
      <Filter>Header Files</Filter>
    </ClInclude>
    <ClInclude Include="SDK\Includes\dt_recv.h">
      <Filter>Header Files</Filter>
    </ClInclude>
    <ClInclude Include="SDK\Includes\ehandle.h">
      <Filter>Header Files</Filter>
    </ClInclude>
    <ClInclude Include="SDK\Includes\iappsystem.h">
      <Filter>Header Files</Filter>
    </ClInclude>
    <ClInclude Include="SDK\Includes\ihandleentity.h">
      <Filter>Header Files</Filter>
    </ClInclude>
    <ClInclude Include="SDK\Includes\in_buttons.h">
      <Filter>Header Files</Filter>
    </ClInclude>
    <ClInclude Include="SDK\Includes\isurface.h">
      <Filter>Header Files</Filter>
    </ClInclude>
    <ClInclude Include="SDK\Includes\studio.h">
      <Filter>Header Files</Filter>
    </ClInclude>
    <ClInclude Include="SDK\Includes\usercmd.h">
      <Filter>Header Files</Filter>
    </ClInclude>
    <ClInclude Include="SDK\Includes\utlmemory.h">
      <Filter>Header Files</Filter>
    </ClInclude>
    <ClInclude Include="SDK\Includes\utlvector.h">
      <Filter>Header Files</Filter>
    </ClInclude>
    <ClInclude Include="SDK\Includes\vgui.h">
      <Filter>Header Files</Filter>
    </ClInclude>
    <ClInclude Include="SDK\Includes\view_shared.h">
      <Filter>Header Files</Filter>
    </ClInclude>
    <ClInclude Include="SDK\Includes\xboxstubs.h">
      <Filter>Header Files</Filter>
    </ClInclude>
    <ClInclude Include="SDK\Interfaces\CGlobalVarsBase.h">
      <Filter>Header Files</Filter>
    </ClInclude>
    <ClInclude Include="SDK\Interfaces\IBaseClientDLL.h">
      <Filter>Header Files</Filter>
    </ClInclude>
    <ClInclude Include="SDK\Interfaces\IClientEntityList.h">
      <Filter>Header Files</Filter>
    </ClInclude>
    <ClInclude Include="SDK\Interfaces\IEngineVGui.h">
      <Filter>Header Files</Filter>
    </ClInclude>
    <ClInclude Include="SDK\Interfaces\IGameEventManager.h">
      <Filter>Header Files</Filter>
    </ClInclude>
    <ClInclude Include="SDK\Interfaces\IGameMovement.h">
      <Filter>Header Files</Filter>
    </ClInclude>
    <ClInclude Include="SDK\Interfaces\IMatSystemSurface.h">
      <Filter>Header Files</Filter>
    </ClInclude>
    <ClInclude Include="SDK\Interfaces\IMoveHelper.h">
      <Filter>Header Files</Filter>
    </ClInclude>
    <ClInclude Include="SDK\Interfaces\IPrediction.h">
      <Filter>Header Files</Filter>
    </ClInclude>
    <ClInclude Include="SDK\Interfaces\IVEngineClient.h">
      <Filter>Header Files</Filter>
    </ClInclude>
    <ClInclude Include="SDK\Interfaces\IVModelInfo.h">
      <Filter>Header Files</Filter>
    </ClInclude>
    <ClInclude Include="SDK\Interfaces\IVRenderView.h">
      <Filter>Header Files</Filter>
    </ClInclude>
    <ClInclude Include="Util\Hash\Hash.h">
      <Filter>Header Files</Filter>
    </ClInclude>
    <ClInclude Include="Util\Hook\MinHook\hde\hde32.h">
      <Filter>Header Files</Filter>
    </ClInclude>
    <ClInclude Include="Util\Hook\MinHook\hde\hde64.h">
      <Filter>Header Files</Filter>
    </ClInclude>
    <ClInclude Include="Util\Hook\MinHook\hde\pstdint.h">
      <Filter>Header Files</Filter>
    </ClInclude>
    <ClInclude Include="Util\Hook\MinHook\hde\table32.h">
      <Filter>Header Files</Filter>
    </ClInclude>
    <ClInclude Include="Util\Hook\MinHook\hde\table64.h">
      <Filter>Header Files</Filter>
    </ClInclude>
    <ClInclude Include="Util\Hook\MinHook\buffer.h">
      <Filter>Header Files</Filter>
    </ClInclude>
    <ClInclude Include="Util\Hook\MinHook\MinHook.h">
      <Filter>Header Files</Filter>
    </ClInclude>
    <ClInclude Include="Util\Hook\MinHook\trampoline.h">
      <Filter>Header Files</Filter>
    </ClInclude>
    <ClInclude Include="Util\Hook\Hook.h">
      <Filter>Header Files</Filter>
    </ClInclude>
    <ClInclude Include="Util\Interface\Interface.h">
      <Filter>Header Files</Filter>
    </ClInclude>
    <ClInclude Include="Util\Math\Vector\Vector.h">
      <Filter>Header Files</Filter>
    </ClInclude>
    <ClInclude Include="Util\Math\Vector\Vector2D.h">
      <Filter>Header Files</Filter>
    </ClInclude>
    <ClInclude Include="Util\Math\Math.h">
      <Filter>Header Files</Filter>
    </ClInclude>
    <ClInclude Include="Util\Offsets\Offsets.h">
      <Filter>Header Files</Filter>
    </ClInclude>
    <ClInclude Include="Util\Pattern\Pattern.h">
      <Filter>Header Files</Filter>
    </ClInclude>
    <ClInclude Include="Util\VFunc\VFunc.h">
      <Filter>Header Files</Filter>
    </ClInclude>
    <ClInclude Include="Util\Util.h">
      <Filter>Header Files</Filter>
    </ClInclude>
    <ClInclude Include="Features\AutoAirblast\AutoAirblast.h">
      <Filter>Header Files</Filter>
    </ClInclude>
    <ClInclude Include="SDK\Includes\NetVars\NetVars.h">
      <Filter>Header Files</Filter>
    </ClInclude>
    <ClInclude Include="SDK\Includes\Activity.h">
      <Filter>Header Files</Filter>
    </ClInclude>
    <ClInclude Include="SDK\Includes\AnalogCode.h">
      <Filter>Header Files</Filter>
    </ClInclude>
    <ClInclude Include="SDK\Includes\basetypes.h">
      <Filter>Header Files</Filter>
    </ClInclude>
    <ClInclude Include="SDK\Includes\bitbuf.h">
      <Filter>Header Files</Filter>
    </ClInclude>
    <ClInclude Include="SDK\Includes\bspflags.h">
      <Filter>Header Files</Filter>
    </ClInclude>
    <ClInclude Include="SDK\Includes\ButtonCode.h">
      <Filter>Header Files</Filter>
    </ClInclude>
    <ClInclude Include="SDK\Includes\c_baseanimating.h">
      <Filter>Header Files</Filter>
    </ClInclude>
    <ClInclude Include="SDK\Includes\c_basecombatcharacter.h">
      <Filter>Header Files</Filter>
    </ClInclude>
    <ClInclude Include="SDK\Includes\c_basecombatweapon.h">
      <Filter>Header Files</Filter>
    </ClInclude>
    <ClInclude Include="SDK\Includes\c_baseentity.h">
      <Filter>Header Files</Filter>
    </ClInclude>
    <ClInclude Include="SDK\Includes\c_baseflex.h">
      <Filter>Header Files</Filter>
    </ClInclude>
    <ClInclude Include="SDK\Includes\c_baseobject.h">
      <Filter>Header Files</Filter>
    </ClInclude>
    <ClInclude Include="SDK\Includes\c_baseplayer.h">
      <Filter>Header Files</Filter>
    </ClInclude>
    <ClInclude Include="SDK\Includes\c_playerresource.h">
      <Filter>Header Files</Filter>
    </ClInclude>
    <ClInclude Include="SDK\Includes\c_tf_player.h">
      <Filter>Header Files</Filter>
    </ClInclude>
    <ClInclude Include="SDK\Includes\c_tf_playerresource.h">
      <Filter>Header Files</Filter>
    </ClInclude>
    <ClInclude Include="SDK\Includes\cdll_int.h">
      <Filter>Header Files</Filter>
    </ClInclude>
    <ClInclude Include="SDK\Includes\checksum_crc.h">
      <Filter>Header Files</Filter>
    </ClInclude>
    <ClInclude Include="SDK\Includes\client.h">
      <Filter>Header Files</Filter>
    </ClInclude>
    <ClInclude Include="SDK\Includes\clientmode_shared.h">
      <Filter>Header Files</Filter>
    </ClInclude>
    <ClInclude Include="SDK\Includes\cmodel.h">
      <Filter>Header Files</Filter>
    </ClInclude>
    <ClInclude Include="SDK\Includes\commonmacros.h">
      <Filter>Header Files</Filter>
    </ClInclude>
    <ClInclude Include="SDK\Includes\convar.h">
      <Filter>Header Files</Filter>
    </ClInclude>
    <ClInclude Include="SDK\Includes\Cursor.h">
      <Filter>Header Files</Filter>
    </ClInclude>
    <ClInclude Include="SDK\Includes\datamap.h">
      <Filter>Header Files</Filter>
    </ClInclude>
    <ClInclude Include="SDK\Includes\deformations.h">
      <Filter>Header Files</Filter>
    </ClInclude>
    <ClInclude Include="SDK\Includes\GameEventListener.h">
      <Filter>Header Files</Filter>
    </ClInclude>
    <ClInclude Include="SDK\Includes\gametrace.h">
      <Filter>Header Files</Filter>
    </ClInclude>
    <ClInclude Include="SDK\Includes\globalvars_base.h">
      <Filter>Header Files</Filter>
    </ClInclude>
    <ClInclude Include="SDK\Includes\icliententity.h">
      <Filter>Header Files</Filter>
    </ClInclude>
    <ClInclude Include="SDK\Includes\icliententitylist.h">
      <Filter>Header Files</Filter>
    </ClInclude>
    <ClInclude Include="SDK\Includes\iclientmode.h">
      <Filter>Header Files</Filter>
    </ClInclude>
    <ClInclude Include="SDK\Includes\iclientnetworkable.h">
      <Filter>Header Files</Filter>
    </ClInclude>
    <ClInclude Include="SDK\Includes\iclientrenderable.h">
      <Filter>Header Files</Filter>
    </ClInclude>
    <ClInclude Include="SDK\Includes\iclientthinkable.h">
      <Filter>Header Files</Filter>
    </ClInclude>
    <ClInclude Include="SDK\Includes\iclientunknown.h">
      <Filter>Header Files</Filter>
    </ClInclude>
    <ClInclude Include="SDK\Includes\IColorCorrection.h">
      <Filter>Header Files</Filter>
    </ClInclude>
    <ClInclude Include="SDK\Includes\iconvar.h">
      <Filter>Header Files</Filter>
    </ClInclude>
    <ClInclude Include="SDK\Includes\icvar.h">
      <Filter>Header Files</Filter>
    </ClInclude>
    <ClInclude Include="SDK\Includes\IEngineTrace.h">
      <Filter>Header Files</Filter>
    </ClInclude>
    <ClInclude Include="SDK\Includes\ienginevgui.h">
      <Filter>Header Files</Filter>
    </ClInclude>
    <ClInclude Include="SDK\Includes\igameevents.h">
      <Filter>Header Files</Filter>
    </ClInclude>
    <ClInclude Include="SDK\Includes\igamemovement.h">
      <Filter>Header Files</Filter>
    </ClInclude>
    <ClInclude Include="SDK\Includes\igameresources.h">
      <Filter>Header Files</Filter>
    </ClInclude>
    <ClInclude Include="SDK\Includes\IHTML.h">
      <Filter>Header Files</Filter>
    </ClInclude>
    <ClInclude Include="SDK\Includes\IImage.h">
      <Filter>Header Files</Filter>
    </ClInclude>
    <ClInclude Include="SDK\Includes\iinput.h">
      <Filter>Header Files</Filter>
    </ClInclude>
    <ClInclude Include="SDK\Includes\iinputsystem.h">
      <Filter>Header Files</Filter>
    </ClInclude>
    <ClInclude Include="SDK\Includes\imageformat.h">
      <Filter>Header Files</Filter>
    </ClInclude>
    <ClInclude Include="SDK\Includes\imaterial.h">
      <Filter>Header Files</Filter>
    </ClInclude>
    <ClInclude Include="SDK\Includes\imaterialsystem.h">
      <Filter>Header Files</Filter>
    </ClInclude>
    <ClInclude Include="SDK\Includes\imaterialsystemhardwareconfig.h">
      <Filter>Header Files</Filter>
    </ClInclude>
    <ClInclude Include="SDK\Includes\imaterialvar.h">
      <Filter>Header Files</Filter>
    </ClInclude>
    <ClInclude Include="SDK\Includes\imdlcache.h">
      <Filter>Header Files</Filter>
    </ClInclude>
    <ClInclude Include="SDK\Includes\inetchannel.h">
      <Filter>Header Files</Filter>
    </ClInclude>
    <ClInclude Include="SDK\Includes\inetchannelinfo.h">
      <Filter>Header Files</Filter>
    </ClInclude>
    <ClInclude Include="SDK\Includes\inetmessage.h">
      <Filter>Header Files</Filter>
    </ClInclude>
    <ClInclude Include="SDK\Includes\inetworkmessage.h">
      <Filter>Header Files</Filter>
    </ClInclude>
    <ClInclude Include="SDK\Includes\inetworksystem.h">
      <Filter>Header Files</Filter>
    </ClInclude>
    <ClInclude Include="SDK\Includes\InputEnums.h">
      <Filter>Header Files</Filter>
    </ClInclude>
    <ClInclude Include="SDK\Includes\interface.h">
      <Filter>Header Files</Filter>
    </ClInclude>
    <ClInclude Include="SDK\Includes\iprediction.h">
      <Filter>Header Files</Filter>
    </ClInclude>
    <ClInclude Include="SDK\Includes\ispatialpartition.h">
      <Filter>Header Files</Filter>
    </ClInclude>
    <ClInclude Include="SDK\Includes\isteamcontroller.h">
      <Filter>Header Files</Filter>
    </ClInclude>
    <ClInclude Include="SDK\Includes\istudiorender.h">
      <Filter>Header Files</Filter>
    </ClInclude>
    <ClInclude Include="SDK\Includes\itexture.h">
      <Filter>Header Files</Filter>
    </ClInclude>
    <ClInclude Include="SDK\Includes\itoolentity.h">
      <Filter>Header Files</Filter>
    </ClInclude>
    <ClInclude Include="SDK\Includes\ivdebugoverlay.h">
      <Filter>Header Files</Filter>
    </ClInclude>
    <ClInclude Include="SDK\Includes\IVguiMatInfo.h">
      <Filter>Header Files</Filter>
    </ClInclude>
    <ClInclude Include="SDK\Includes\IVguiMatInfoVar.h">
      <Filter>Header Files</Filter>
    </ClInclude>
    <ClInclude Include="SDK\Includes\iviewrender_beams.h">
      <Filter>Header Files</Filter>
    </ClInclude>
    <ClInclude Include="SDK\Includes\ivmodelinfo.h">
      <Filter>Header Files</Filter>
    </ClInclude>
    <ClInclude Include="SDK\Includes\ivmodelrender.h">
      <Filter>Header Files</Filter>
    </ClInclude>
    <ClInclude Include="SDK\Includes\ivrenderview.h">
      <Filter>Header Files</Filter>
    </ClInclude>
    <ClInclude Include="SDK\Includes\KeyCode.h">
      <Filter>Header Files</Filter>
    </ClInclude>
    <ClInclude Include="SDK\Includes\keyvalues.h">
      <Filter>Header Files</Filter>
    </ClInclude>
    <ClInclude Include="SDK\Includes\lightdesc.h">
      <Filter>Header Files</Filter>
    </ClInclude>
    <ClInclude Include="SDK\Includes\localflexcontroller.h">
      <Filter>Header Files</Filter>
    </ClInclude>
    <ClInclude Include="SDK\Includes\MD5.h">
      <Filter>Header Files</Filter>
    </ClInclude>
    <ClInclude Include="SDK\Includes\modes.h">
      <Filter>Header Files</Filter>
    </ClInclude>
    <ClInclude Include="SDK\Includes\MouseCode.h">
      <Filter>Header Files</Filter>
    </ClInclude>
    <ClInclude Include="SDK\Includes\multiplayer_animstate.h">
      <Filter>Header Files</Filter>
    </ClInclude>
    <ClInclude Include="SDK\Includes\netadr.h">
      <Filter>Header Files</Filter>
    </ClInclude>
    <ClInclude Include="SDK\Includes\netchannel.h">
      <Filter>Header Files</Filter>
    </ClInclude>
    <ClInclude Include="SDK\Includes\netmessages.h">
      <Filter>Header Files</Filter>
    </ClInclude>
    <ClInclude Include="SDK\Includes\prediction.h">
      <Filter>Header Files</Filter>
    </ClInclude>
    <ClInclude Include="SDK\Includes\random.h">
      <Filter>Header Files</Filter>
    </ClInclude>
    <ClInclude Include="SDK\Includes\refcount.h">
      <Filter>Header Files</Filter>
    </ClInclude>
    <ClInclude Include="SDK\Includes\renderutils.h">
      <Filter>Header Files</Filter>
    </ClInclude>
    <ClInclude Include="SDK\Includes\shareddefs.h">
      <Filter>Header Files</Filter>
    </ClInclude>
    <ClInclude Include="SDK\Includes\Signatures.h">
      <Filter>Header Files</Filter>
    </ClInclude>
    <ClInclude Include="SDK\Includes\string_t.h">
      <Filter>Header Files</Filter>
    </ClInclude>
    <ClInclude Include="SDK\Includes\texture_group_names.h">
      <Filter>Header Files</Filter>
    </ClInclude>
    <ClInclude Include="SDK\Includes\tf_shareddefs.h">
      <Filter>Header Files</Filter>
    </ClInclude>
    <ClInclude Include="SDK\Includes\tf_weaponbase.h">
      <Filter>Header Files</Filter>
    </ClInclude>
    <ClInclude Include="SDK\Includes\trace.h">
      <Filter>Header Files</Filter>
    </ClInclude>
    <ClInclude Include="SDK\Includes\vcollide.h">
      <Filter>Header Files</Filter>
    </ClInclude>
    <ClInclude Include="SDK\Includes\vphysics.h">
      <Filter>Header Files</Filter>
    </ClInclude>
    <ClInclude Include="SDK\Includes\vplane.h">
      <Filter>Header Files</Filter>
    </ClInclude>
    <ClInclude Include="SDK\Includes\vtf.h">
      <Filter>Header Files</Filter>
    </ClInclude>
    <ClInclude Include="Util\Color\Color.h">
      <Filter>Header Files</Filter>
    </ClInclude>
    <ClInclude Include="Util\SignatureManager\SignatureManager.h">
      <Filter>Header Files</Filter>
    </ClInclude>
    <ClInclude Include="Util\Singleton\Singleton.h">
      <Filter>Header Files</Filter>
    </ClInclude>
    <ClInclude Include="Util\Assert\Assert.h">
      <Filter>Header Files</Filter>
    </ClInclude>
    <ClInclude Include="Util\InterfaceManager\InterfaceManager.h">
      <Filter>Header Files</Filter>
    </ClInclude>
    <ClInclude Include="SDK\Helpers\EntityManager\EntityManager.h">
      <Filter>Header Files</Filter>
    </ClInclude>
    <ClInclude Include="SDK\Entities\C_BaseProjectile.h">
      <Filter>Header Files</Filter>
    </ClInclude>
    <ClInclude Include="SDK\Impl\TraceFilters\TraceFilters.h">
      <Filter>Header Files</Filter>
    </ClInclude>
    <ClInclude Include="SDK\Interfaces\IEngineTrace.h">
      <Filter>Header Files</Filter>
    </ClInclude>
    <ClInclude Include="SDK\Entities\C_EntitySphereQuery.h">
      <Filter>Header Files</Filter>
    </ClInclude>
    <ClInclude Include="Util\Signatures\Signatures.h">
      <Filter>Header Files</Filter>
    </ClInclude>
    <ClInclude Include="Util\Memory\Memory.h">
      <Filter>Header Files</Filter>
    </ClInclude>
  </ItemGroup>
  <ItemGroup>
    <None Include="cpp.hint" />
  </ItemGroup>
</Project>